
Microsoft Visual Studio Solution File, Format Version 12.00
# Visual Studio Version 16
VisualStudioVersion = 16.0.29911.84
MinimumVisualStudioVersion = 10.0.40219.1
Project("{8BC9CEB8-8B4A-11D0-8D11-00A0C91BC942}") = "TCPServer", "TCPServer\TCPServer.vcxproj", "{201C85D3-9DA2-40C0-ABC3-51C1CA887BF4}"
EndProject
Project("{8BC9CEB8-8B4A-11D0-8D11-00A0C91BC942}") = "TCPClient", "TCPClient\TCPClient.vcxproj", "{B7E20200-858E-4584-B37E-CDEBCD3CB823}"
EndProject
Project("{8BC9CEB8-8B4A-11D0-8D11-00A0C91BC942}") = "UDPClient", "UDPClient\UDPClient.vcxproj", "{F35EF3CA-339B-4D89-B37C-F9183A604AA4}"
EndProject
Project("{8BC9CEB8-8B4A-11D0-8D11-00A0C91BC942}") = "UDPServer", "UDPServer\UDPServer.vcxproj", "{ED650C44-A9E6-47A6-8996-5495905709A0}"
EndProject
Global
	GlobalSection(SolutionConfigurationPlatforms) = preSolution
		Debug|ARM = Debug|ARM
		Debug|ARM64 = Debug|ARM64
		Debug|x64 = Debug|x64
		Debug|x86 = Debug|x86
		Release|ARM = Release|ARM
		Release|ARM64 = Release|ARM64
		Release|x64 = Release|x64
		Release|x86 = Release|x86
	EndGlobalSection
	GlobalSection(ProjectConfigurationPlatforms) = postSolution
		{201C85D3-9DA2-40C0-ABC3-51C1CA887BF4}.Debug|ARM.ActiveCfg = Debug|Win32
		{201C85D3-9DA2-40C0-ABC3-51C1CA887BF4}.Debug|ARM64.ActiveCfg = Debug|Win32
		{201C85D3-9DA2-40C0-ABC3-51C1CA887BF4}.Debug|x64.ActiveCfg = Debug|x64
		{201C85D3-9DA2-40C0-ABC3-51C1CA887BF4}.Debug|x64.Build.0 = Debug|x64
		{201C85D3-9DA2-40C0-ABC3-51C1CA887BF4}.Debug|x86.ActiveCfg = Debug|Win32
		{201C85D3-9DA2-40C0-ABC3-51C1CA887BF4}.Debug|x86.Build.0 = Debug|Win32
		{201C85D3-9DA2-40C0-ABC3-51C1CA887BF4}.Release|ARM.ActiveCfg = Release|Win32
		{201C85D3-9DA2-40C0-ABC3-51C1CA887BF4}.Release|ARM64.ActiveCfg = Release|Win32
		{201C85D3-9DA2-40C0-ABC3-51C1CA887BF4}.Release|x64.ActiveCfg = Release|x64
		{201C85D3-9DA2-40C0-ABC3-51C1CA887BF4}.Release|x64.Build.0 = Release|x64
		{201C85D3-9DA2-40C0-ABC3-51C1CA887BF4}.Release|x86.ActiveCfg = Release|Win32
		{201C85D3-9DA2-40C0-ABC3-51C1CA887BF4}.Release|x86.Build.0 = Release|Win32
		{B7E20200-858E-4584-B37E-CDEBCD3CB823}.Debug|ARM.ActiveCfg = Debug|ARM
		{B7E20200-858E-4584-B37E-CDEBCD3CB823}.Debug|ARM.Build.0 = Debug|ARM
		{B7E20200-858E-4584-B37E-CDEBCD3CB823}.Debug|ARM.Deploy.0 = Debug|ARM
		{B7E20200-858E-4584-B37E-CDEBCD3CB823}.Debug|ARM64.ActiveCfg = Debug|ARM64
		{B7E20200-858E-4584-B37E-CDEBCD3CB823}.Debug|ARM64.Build.0 = Debug|ARM64
		{B7E20200-858E-4584-B37E-CDEBCD3CB823}.Debug|ARM64.Deploy.0 = Debug|ARM64
		{B7E20200-858E-4584-B37E-CDEBCD3CB823}.Debug|x64.ActiveCfg = Debug|x64
		{B7E20200-858E-4584-B37E-CDEBCD3CB823}.Debug|x64.Build.0 = Debug|x64
		{B7E20200-858E-4584-B37E-CDEBCD3CB823}.Debug|x64.Deploy.0 = Debug|x64
		{B7E20200-858E-4584-B37E-CDEBCD3CB823}.Debug|x86.ActiveCfg = Debug|x86
		{B7E20200-858E-4584-B37E-CDEBCD3CB823}.Debug|x86.Build.0 = Debug|x86
		{B7E20200-858E-4584-B37E-CDEBCD3CB823}.Debug|x86.Deploy.0 = Debug|x86
		{B7E20200-858E-4584-B37E-CDEBCD3CB823}.Release|ARM.ActiveCfg = Release|ARM
		{B7E20200-858E-4584-B37E-CDEBCD3CB823}.Release|ARM.Build.0 = Release|ARM
		{B7E20200-858E-4584-B37E-CDEBCD3CB823}.Release|ARM.Deploy.0 = Release|ARM
		{B7E20200-858E-4584-B37E-CDEBCD3CB823}.Release|ARM64.ActiveCfg = Release|ARM64
		{B7E20200-858E-4584-B37E-CDEBCD3CB823}.Release|ARM64.Build.0 = Release|ARM64
		{B7E20200-858E-4584-B37E-CDEBCD3CB823}.Release|ARM64.Deploy.0 = Release|ARM64
		{B7E20200-858E-4584-B37E-CDEBCD3CB823}.Release|x64.ActiveCfg = Release|x64
		{B7E20200-858E-4584-B37E-CDEBCD3CB823}.Release|x64.Build.0 = Release|x64
		{B7E20200-858E-4584-B37E-CDEBCD3CB823}.Release|x64.Deploy.0 = Release|x64
		{B7E20200-858E-4584-B37E-CDEBCD3CB823}.Release|x86.ActiveCfg = Release|x86
		{B7E20200-858E-4584-B37E-CDEBCD3CB823}.Release|x86.Build.0 = Release|x86
		{B7E20200-858E-4584-B37E-CDEBCD3CB823}.Release|x86.Deploy.0 = Release|x86
		{F35EF3CA-339B-4D89-B37C-F9183A604AA4}.Debug|ARM.ActiveCfg = Debug|Win32
		{F35EF3CA-339B-4D89-B37C-F9183A604AA4}.Debug|ARM64.ActiveCfg = Debug|Win32
		{F35EF3CA-339B-4D89-B37C-F9183A604AA4}.Debug|x64.ActiveCfg = Debug|x64
		{F35EF3CA-339B-4D89-B37C-F9183A604AA4}.Debug|x64.Build.0 = Debug|x64
		{F35EF3CA-339B-4D89-B37C-F9183A604AA4}.Debug|x86.ActiveCfg = Debug|Win32
		{F35EF3CA-339B-4D89-B37C-F9183A604AA4}.Debug|x86.Build.0 = Debug|Win32
		{F35EF3CA-339B-4D89-B37C-F9183A604AA4}.Release|ARM.ActiveCfg = Release|Win32
		{F35EF3CA-339B-4D89-B37C-F9183A604AA4}.Release|ARM64.ActiveCfg = Release|Win32
		{F35EF3CA-339B-4D89-B37C-F9183A604AA4}.Release|x64.ActiveCfg = Release|x64
		{F35EF3CA-339B-4D89-B37C-F9183A604AA4}.Release|x64.Build.0 = Release|x64
		{F35EF3CA-339B-4D89-B37C-F9183A604AA4}.Release|x86.ActiveCfg = Release|Win32
		{F35EF3CA-339B-4D89-B37C-F9183A604AA4}.Release|x86.Build.0 = Release|Win32
		{ED650C44-A9E6-47A6-8996-5495905709A0}.Debug|ARM.ActiveCfg = Debug|Win32
		{ED650C44-A9E6-47A6-8996-5495905709A0}.Debug|ARM64.ActiveCfg = Debug|Win32
		{ED650C44-A9E6-47A6-8996-5495905709A0}.Debug|x64.ActiveCfg = Debug|x64
		{ED650C44-A9E6-47A6-8996-5495905709A0}.Debug|x64.Build.0 = Debug|x64
		{ED650C44-A9E6-47A6-8996-5495905709A0}.Debug|x86.ActiveCfg = Debug|Win32
		{ED650C44-A9E6-47A6-8996-5495905709A0}.Debug|x86.Build.0 = Debug|Win32
		{ED650C44-A9E6-47A6-8996-5495905709A0}.Release|ARM.ActiveCfg = Release|Win32
		{ED650C44-A9E6-47A6-8996-5495905709A0}.Release|ARM64.ActiveCfg = Release|Win32
		{ED650C44-A9E6-47A6-8996-5495905709A0}.Release|x64.ActiveCfg = Release|x64
		{ED650C44-A9E6-47A6-8996-5495905709A0}.Release|x64.Build.0 = Release|x64
		{ED650C44-A9E6-47A6-8996-5495905709A0}.Release|x86.ActiveCfg = Release|Win32
		{ED650C44-A9E6-47A6-8996-5495905709A0}.Release|x86.Build.0 = Release|Win32
	EndGlobalSection
	GlobalSection(SolutionProperties) = preSolution
		HideSolutionNode = FALSE
	EndGlobalSection
	GlobalSection(ExtensibilityGlobals) = postSolution
		SolutionGuid = {34135701-E3E8-4E3B-A5B9-575EEE5165E7}
	EndGlobalSection
EndGlobal
