
Microsoft Visual Studio Solution File, Format Version 12.00
# Visual Studio Version 16
VisualStudioVersion = 16.0.29911.84
MinimumVisualStudioVersion = 10.0.40219.1
Project("{8BC9CEB8-8B4A-11D0-8D11-00A0C91BC942}") = "Sample1", "Sample1\Sample1.vcxproj", "{E58D2748-869E-4E8B-B1F3-7FE5A8755728}"
EndProject
Project("{8BC9CEB8-8B4A-11D0-8D11-00A0C91BC942}") = "Sample1Linux", "Sample1Linux\Sample1Linux.vcxproj", "{E550902F-A89C-475A-B3B1-B4A0AB147568}"
EndProject
Global
	GlobalSection(SolutionConfigurationPlatforms) = preSolution
		Debug|ARM = Debug|ARM
		Debug|ARM64 = Debug|ARM64
		Debug|x64 = Debug|x64
		Debug|x86 = Debug|x86
		Release|ARM = Release|ARM
		Release|ARM64 = Release|ARM64
		Release|x64 = Release|x64
		Release|x86 = Release|x86
	EndGlobalSection
	GlobalSection(ProjectConfigurationPlatforms) = postSolution
		{E58D2748-869E-4E8B-B1F3-7FE5A8755728}.Debug|ARM.ActiveCfg = Debug|Win32
		{E58D2748-869E-4E8B-B1F3-7FE5A8755728}.Debug|ARM64.ActiveCfg = Debug|Win32
		{E58D2748-869E-4E8B-B1F3-7FE5A8755728}.Debug|x64.ActiveCfg = Debug|x64
		{E58D2748-869E-4E8B-B1F3-7FE5A8755728}.Debug|x64.Build.0 = Debug|x64
		{E58D2748-869E-4E8B-B1F3-7FE5A8755728}.Debug|x86.ActiveCfg = Debug|Win32
		{E58D2748-869E-4E8B-B1F3-7FE5A8755728}.Debug|x86.Build.0 = Debug|Win32
		{E58D2748-869E-4E8B-B1F3-7FE5A8755728}.Release|ARM.ActiveCfg = Release|Win32
		{E58D2748-869E-4E8B-B1F3-7FE5A8755728}.Release|ARM64.ActiveCfg = Release|Win32
		{E58D2748-869E-4E8B-B1F3-7FE5A8755728}.Release|x64.ActiveCfg = Release|x64
		{E58D2748-869E-4E8B-B1F3-7FE5A8755728}.Release|x64.Build.0 = Release|x64
		{E58D2748-869E-4E8B-B1F3-7FE5A8755728}.Release|x86.ActiveCfg = Release|Win32
		{E58D2748-869E-4E8B-B1F3-7FE5A8755728}.Release|x86.Build.0 = Release|Win32
		{E550902F-A89C-475A-B3B1-B4A0AB147568}.Debug|ARM.ActiveCfg = Debug|ARM
		{E550902F-A89C-475A-B3B1-B4A0AB147568}.Debug|ARM.Build.0 = Debug|ARM
		{E550902F-A89C-475A-B3B1-B4A0AB147568}.Debug|ARM.Deploy.0 = Debug|ARM
		{E550902F-A89C-475A-B3B1-B4A0AB147568}.Debug|ARM64.ActiveCfg = Debug|ARM64
		{E550902F-A89C-475A-B3B1-B4A0AB147568}.Debug|ARM64.Build.0 = Debug|ARM64
		{E550902F-A89C-475A-B3B1-B4A0AB147568}.Debug|ARM64.Deploy.0 = Debug|ARM64
		{E550902F-A89C-475A-B3B1-B4A0AB147568}.Debug|x64.ActiveCfg = Debug|x64
		{E550902F-A89C-475A-B3B1-B4A0AB147568}.Debug|x64.Build.0 = Debug|x64
		{E550902F-A89C-475A-B3B1-B4A0AB147568}.Debug|x64.Deploy.0 = Debug|x64
		{E550902F-A89C-475A-B3B1-B4A0AB147568}.Debug|x86.ActiveCfg = Debug|x86
		{E550902F-A89C-475A-B3B1-B4A0AB147568}.Debug|x86.Build.0 = Debug|x86
		{E550902F-A89C-475A-B3B1-B4A0AB147568}.Debug|x86.Deploy.0 = Debug|x86
		{E550902F-A89C-475A-B3B1-B4A0AB147568}.Release|ARM.ActiveCfg = Release|ARM
		{E550902F-A89C-475A-B3B1-B4A0AB147568}.Release|ARM.Build.0 = Release|ARM
		{E550902F-A89C-475A-B3B1-B4A0AB147568}.Release|ARM.Deploy.0 = Release|ARM
		{E550902F-A89C-475A-B3B1-B4A0AB147568}.Release|ARM64.ActiveCfg = Release|ARM64
		{E550902F-A89C-475A-B3B1-B4A0AB147568}.Release|ARM64.Build.0 = Release|ARM64
		{E550902F-A89C-475A-B3B1-B4A0AB147568}.Release|ARM64.Deploy.0 = Release|ARM64
		{E550902F-A89C-475A-B3B1-B4A0AB147568}.Release|x64.ActiveCfg = Release|x64
		{E550902F-A89C-475A-B3B1-B4A0AB147568}.Release|x64.Build.0 = Release|x64
		{E550902F-A89C-475A-B3B1-B4A0AB147568}.Release|x64.Deploy.0 = Release|x64
		{E550902F-A89C-475A-B3B1-B4A0AB147568}.Release|x86.ActiveCfg = Release|x86
		{E550902F-A89C-475A-B3B1-B4A0AB147568}.Release|x86.Build.0 = Release|x86
		{E550902F-A89C-475A-B3B1-B4A0AB147568}.Release|x86.Deploy.0 = Release|x86
	EndGlobalSection
	GlobalSection(SolutionProperties) = preSolution
		HideSolutionNode = FALSE
	EndGlobalSection
	GlobalSection(ExtensibilityGlobals) = postSolution
		SolutionGuid = {D8A4631D-517E-4C70-A1BA-8B35275C6093}
	EndGlobalSection
EndGlobal
